
Microsoft Visual Studio Solution File, Format Version 11.00
# Visual Studio 2010
# SharpDevelop 4.4
Project("{FD48973F-F585-4F70-812B-4D0503B36CE9}") = "Prog122i", "Prog122i\Prog122i.pyproj", "{1AA5D640-B32C-49BE-8E8A-94FCE9B8F075}"
EndProject
Global
	GlobalSection(SolutionConfigurationPlatforms) = preSolution
		Debug|Any CPU = Debug|Any CPU
		Release|Any CPU = Release|Any CPU
	EndGlobalSection
	GlobalSection(ProjectConfigurationPlatforms) = postSolution
		{1AA5D640-B32C-49BE-8E8A-94FCE9B8F075}.Debug|Any CPU.Build.0 = Debug|Any CPU
		{1AA5D640-B32C-49BE-8E8A-94FCE9B8F075}.Debug|Any CPU.ActiveCfg = Debug|Any CPU
		{1AA5D640-B32C-49BE-8E8A-94FCE9B8F075}.Release|Any CPU.Build.0 = Release|Any CPU
		{1AA5D640-B32C-49BE-8E8A-94FCE9B8F075}.Release|Any CPU.ActiveCfg = Release|Any CPU
	EndGlobalSection
EndGlobal
