
Microsoft Visual Studio Solution File, Format Version 11.00
# Visual Studio 2010
# SharpDevelop 4.4
Project("{FD48973F-F585-4F70-812B-4D0503B36CE9}") = "Pg186 StadiumSeating", "Pg186 StadiumSeating\Pg186 StadiumSeating.pyproj", "{DFB7CEF3-607F-4286-AC4A-1F0A54C7B565}"
EndProject
Global
	GlobalSection(SolutionConfigurationPlatforms) = preSolution
		Debug|Any CPU = Debug|Any CPU
		Release|Any CPU = Release|Any CPU
	EndGlobalSection
	GlobalSection(ProjectConfigurationPlatforms) = postSolution
		{DFB7CEF3-607F-4286-AC4A-1F0A54C7B565}.Debug|Any CPU.Build.0 = Debug|Any CPU
		{DFB7CEF3-607F-4286-AC4A-1F0A54C7B565}.Debug|Any CPU.ActiveCfg = Debug|Any CPU
		{DFB7CEF3-607F-4286-AC4A-1F0A54C7B565}.Release|Any CPU.Build.0 = Release|Any CPU
		{DFB7CEF3-607F-4286-AC4A-1F0A54C7B565}.Release|Any CPU.ActiveCfg = Release|Any CPU
	EndGlobalSection
EndGlobal
