
Microsoft Visual Studio Solution File, Format Version 11.00
# Visual Studio 2010
# SharpDevelop 4.4
Project("{FD48973F-F585-4F70-812B-4D0503B36CE9}") = "Prog54c", "Prog54c\Prog54c.pyproj", "{0361778B-5367-468D-8F18-1D58768D4AAE}"
EndProject
Global
	GlobalSection(SolutionConfigurationPlatforms) = preSolution
		Debug|Any CPU = Debug|Any CPU
		Release|Any CPU = Release|Any CPU
	EndGlobalSection
	GlobalSection(ProjectConfigurationPlatforms) = postSolution
		{0361778B-5367-468D-8F18-1D58768D4AAE}.Debug|Any CPU.Build.0 = Debug|Any CPU
		{0361778B-5367-468D-8F18-1D58768D4AAE}.Debug|Any CPU.ActiveCfg = Debug|Any CPU
		{0361778B-5367-468D-8F18-1D58768D4AAE}.Release|Any CPU.Build.0 = Release|Any CPU
		{0361778B-5367-468D-8F18-1D58768D4AAE}.Release|Any CPU.ActiveCfg = Release|Any CPU
	EndGlobalSection
EndGlobal
