
Microsoft Visual Studio Solution File, Format Version 11.00
# Visual Studio 2010
# SharpDevelop 4.4
Project("{FD48973F-F585-4F70-812B-4D0503B36CE9}") = "Pg268 Fat Calculator", "Pg268 Fat Calculator\Pg268 Fat Calculator.pyproj", "{FB30A816-190A-4E2F-9673-121AE1C04367}"
EndProject
Global
	GlobalSection(SolutionConfigurationPlatforms) = preSolution
		Debug|Any CPU = Debug|Any CPU
		Release|Any CPU = Release|Any CPU
	EndGlobalSection
	GlobalSection(ProjectConfigurationPlatforms) = postSolution
		{FB30A816-190A-4E2F-9673-121AE1C04367}.Debug|Any CPU.Build.0 = Debug|Any CPU
		{FB30A816-190A-4E2F-9673-121AE1C04367}.Debug|Any CPU.ActiveCfg = Debug|Any CPU
		{FB30A816-190A-4E2F-9673-121AE1C04367}.Release|Any CPU.Build.0 = Release|Any CPU
		{FB30A816-190A-4E2F-9673-121AE1C04367}.Release|Any CPU.ActiveCfg = Release|Any CPU
	EndGlobalSection
EndGlobal
