
Microsoft Visual Studio Solution File, Format Version 11.00
# Visual Studio 2010
# SharpDevelop 4.4
Project("{FD48973F-F585-4F70-812B-4D0503B36CE9}") = "LP4-1", "LP4-1\LP4-1.pyproj", "{32074113-8645-4558-83BB-69BDB893AFEF}"
EndProject
Global
	GlobalSection(SolutionConfigurationPlatforms) = preSolution
		Debug|Any CPU = Debug|Any CPU
		Release|Any CPU = Release|Any CPU
	EndGlobalSection
	GlobalSection(ProjectConfigurationPlatforms) = postSolution
		{32074113-8645-4558-83BB-69BDB893AFEF}.Debug|Any CPU.Build.0 = Debug|Any CPU
		{32074113-8645-4558-83BB-69BDB893AFEF}.Debug|Any CPU.ActiveCfg = Debug|Any CPU
		{32074113-8645-4558-83BB-69BDB893AFEF}.Release|Any CPU.Build.0 = Release|Any CPU
		{32074113-8645-4558-83BB-69BDB893AFEF}.Release|Any CPU.ActiveCfg = Release|Any CPU
	EndGlobalSection
EndGlobal
