
Microsoft Visual Studio Solution File, Format Version 11.00
# Visual Studio 2010
# SharpDevelop 4.4
Project("{FD48973F-F585-4F70-812B-4D0503B36CE9}") = "Prog54b", "Prog54b\Prog54b.pyproj", "{C01F1FB7-60F9-4C29-AF5B-19BFE77C6039}"
EndProject
Global
	GlobalSection(SolutionConfigurationPlatforms) = preSolution
		Debug|Any CPU = Debug|Any CPU
		Release|Any CPU = Release|Any CPU
	EndGlobalSection
	GlobalSection(ProjectConfigurationPlatforms) = postSolution
		{C01F1FB7-60F9-4C29-AF5B-19BFE77C6039}.Debug|Any CPU.Build.0 = Debug|Any CPU
		{C01F1FB7-60F9-4C29-AF5B-19BFE77C6039}.Debug|Any CPU.ActiveCfg = Debug|Any CPU
		{C01F1FB7-60F9-4C29-AF5B-19BFE77C6039}.Release|Any CPU.Build.0 = Release|Any CPU
		{C01F1FB7-60F9-4C29-AF5B-19BFE77C6039}.Release|Any CPU.ActiveCfg = Release|Any CPU
	EndGlobalSection
EndGlobal
