
Microsoft Visual Studio Solution File, Format Version 11.00
# Visual Studio 2010
# SharpDevelop 4.4
Project("{FD48973F-F585-4F70-812B-4D0503B36CE9}") = "Pg198 ScoreAverage", "Pg198 ScoreAverage\Pg198 ScoreAverage.pyproj", "{F5F4FBAB-EF23-4162-B337-B53936F441B6}"
EndProject
Global
	GlobalSection(SolutionConfigurationPlatforms) = preSolution
		Debug|Any CPU = Debug|Any CPU
		Release|Any CPU = Release|Any CPU
	EndGlobalSection
	GlobalSection(ProjectConfigurationPlatforms) = postSolution
		{F5F4FBAB-EF23-4162-B337-B53936F441B6}.Debug|Any CPU.Build.0 = Debug|Any CPU
		{F5F4FBAB-EF23-4162-B337-B53936F441B6}.Debug|Any CPU.ActiveCfg = Debug|Any CPU
		{F5F4FBAB-EF23-4162-B337-B53936F441B6}.Release|Any CPU.Build.0 = Release|Any CPU
		{F5F4FBAB-EF23-4162-B337-B53936F441B6}.Release|Any CPU.ActiveCfg = Release|Any CPU
	EndGlobalSection
EndGlobal
