
Microsoft Visual Studio Solution File, Format Version 11.00
# Visual Studio 2010
# SharpDevelop 4.4
Project("{FD48973F-F585-4F70-812B-4D0503B36CE9}") = "AboutMe", "AboutMe\AboutMe.pyproj", "{B1678ED5-0B5A-4C5A-91A8-656FD442FDD4}"
EndProject
Global
	GlobalSection(SolutionConfigurationPlatforms) = preSolution
		Debug|Any CPU = Debug|Any CPU
		Release|Any CPU = Release|Any CPU
	EndGlobalSection
	GlobalSection(ProjectConfigurationPlatforms) = postSolution
		{B1678ED5-0B5A-4C5A-91A8-656FD442FDD4}.Debug|Any CPU.Build.0 = Debug|Any CPU
		{B1678ED5-0B5A-4C5A-91A8-656FD442FDD4}.Debug|Any CPU.ActiveCfg = Debug|Any CPU
		{B1678ED5-0B5A-4C5A-91A8-656FD442FDD4}.Release|Any CPU.Build.0 = Release|Any CPU
		{B1678ED5-0B5A-4C5A-91A8-656FD442FDD4}.Release|Any CPU.ActiveCfg = Release|Any CPU
	EndGlobalSection
EndGlobal
