
Microsoft Visual Studio Solution File, Format Version 11.00
# Visual Studio 2010
# SharpDevelop 4.4
Project("{FD48973F-F585-4F70-812B-4D0503B36CE9}") = "Tinkering", "Tinkering\Tinkering.pyproj", "{2C616677-BB14-4269-9FCB-90033F0A4D24}"
EndProject
Global
	GlobalSection(SolutionConfigurationPlatforms) = preSolution
		Debug|Any CPU = Debug|Any CPU
		Release|Any CPU = Release|Any CPU
	EndGlobalSection
	GlobalSection(ProjectConfigurationPlatforms) = postSolution
		{2C616677-BB14-4269-9FCB-90033F0A4D24}.Debug|Any CPU.Build.0 = Debug|Any CPU
		{2C616677-BB14-4269-9FCB-90033F0A4D24}.Debug|Any CPU.ActiveCfg = Debug|Any CPU
		{2C616677-BB14-4269-9FCB-90033F0A4D24}.Release|Any CPU.Build.0 = Release|Any CPU
		{2C616677-BB14-4269-9FCB-90033F0A4D24}.Release|Any CPU.ActiveCfg = Release|Any CPU
	EndGlobalSection
EndGlobal
