
Microsoft Visual Studio Solution File, Format Version 11.00
# Visual Studio 2010
# SharpDevelop 4.4
Project("{FD48973F-F585-4F70-812B-4D0503B36CE9}") = "Prog58t", "Prog58t\Prog58t.pyproj", "{F3BBB847-FDF2-48DA-8BC0-8E7FFC0B3B7A}"
EndProject
Global
	GlobalSection(SolutionConfigurationPlatforms) = preSolution
		Debug|Any CPU = Debug|Any CPU
		Release|Any CPU = Release|Any CPU
	EndGlobalSection
	GlobalSection(ProjectConfigurationPlatforms) = postSolution
		{F3BBB847-FDF2-48DA-8BC0-8E7FFC0B3B7A}.Debug|Any CPU.Build.0 = Debug|Any CPU
		{F3BBB847-FDF2-48DA-8BC0-8E7FFC0B3B7A}.Debug|Any CPU.ActiveCfg = Debug|Any CPU
		{F3BBB847-FDF2-48DA-8BC0-8E7FFC0B3B7A}.Release|Any CPU.Build.0 = Release|Any CPU
		{F3BBB847-FDF2-48DA-8BC0-8E7FFC0B3B7A}.Release|Any CPU.ActiveCfg = Release|Any CPU
	EndGlobalSection
EndGlobal
